
Microsoft Visual Studio Solution File, Format Version 12.00
# Visual Studio Version 17
VisualStudioVersion = 17.4.33205.214
MinimumVisualStudioVersion = 10.0.40219.1
Project("{9A19103F-16F7-4668-BE54-9A1E7A4F7556}") = "CrossAndZero", "CrossAndZero\CrossAndZero.csproj", "{539E288C-F413-42D9-B379-49B261AC9693}"
EndProject
Global
	GlobalSection(SolutionConfigurationPlatforms) = preSolution
		Debug|Any CPU = Debug|Any CPU
		Release|Any CPU = Release|Any CPU
	EndGlobalSection
	GlobalSection(ProjectConfigurationPlatforms) = postSolution
		{539E288C-F413-42D9-B379-49B261AC9693}.Debug|Any CPU.ActiveCfg = Debug|Any CPU
		{539E288C-F413-42D9-B379-49B261AC9693}.Debug|Any CPU.Build.0 = Debug|Any CPU
		{539E288C-F413-42D9-B379-49B261AC9693}.Release|Any CPU.ActiveCfg = Release|Any CPU
		{539E288C-F413-42D9-B379-49B261AC9693}.Release|Any CPU.Build.0 = Release|Any CPU
	EndGlobalSection
	GlobalSection(SolutionProperties) = preSolution
		HideSolutionNode = FALSE
	EndGlobalSection
	GlobalSection(ExtensibilityGlobals) = postSolution
		SolutionGuid = {1EACB641-EF42-44A0-9831-B0F1E87253FF}
	EndGlobalSection
EndGlobal
